
Microsoft Visual Studio Solution File, Format Version 12.00
# Visual Studio Version 17
VisualStudioVersion = 17.14.36414.22 d17.14
MinimumVisualStudioVersion = 10.0.40219.1
Project("{FAE04EC0-301F-11D3-BF4B-00C04F79EFBC}") = "DNS_DoAn", "DNS_DoAn.csproj", "{D6C1D954-70B1-4856-B4B0-6D592EE2C4B4}"
EndProject
Global
	GlobalSection(SolutionConfigurationPlatforms) = preSolution
		Debug|Any CPU = Debug|Any CPU
		Release|Any CPU = Release|Any CPU
	EndGlobalSection
	GlobalSection(ProjectConfigurationPlatforms) = postSolution
		{D6C1D954-70B1-4856-B4B0-6D592EE2C4B4}.Debug|Any CPU.ActiveCfg = Debug|Any CPU
		{D6C1D954-70B1-4856-B4B0-6D592EE2C4B4}.Debug|Any CPU.Build.0 = Debug|Any CPU
		{D6C1D954-70B1-4856-B4B0-6D592EE2C4B4}.Release|Any CPU.ActiveCfg = Release|Any CPU
		{D6C1D954-70B1-4856-B4B0-6D592EE2C4B4}.Release|Any CPU.Build.0 = Release|Any CPU
	EndGlobalSection
	GlobalSection(SolutionProperties) = preSolution
		HideSolutionNode = FALSE
	EndGlobalSection
	GlobalSection(ExtensibilityGlobals) = postSolution
		SolutionGuid = {C7796E88-2EE6-4600-BEE3-CCA520E98EE6}
	EndGlobalSection
EndGlobal
